<?xml version="1.0" encoding="utf-8"?>
<Project ToolsVersion="4.0" xmlns="http://schemas.microsoft.com/developer/msbuild/2003">
  <ItemGroup>
    <Filter Include="Source Files">
      <UniqueIdentifier>{4FC737F1-C7A5-4376-A066-2A32D752A2FF}</UniqueIdentifier>
      <Extensions>cpp;c;cc;cxx;c++;cppm;ixx;def;odl;idl;hpj;bat;asm;asmx</Extensions>
    </Filter>
    <Filter Include="Header Files">
      <UniqueIdentifier>{93995380-89BD-4b04-88EB-625FBE52EBFB}</UniqueIdentifier>
      <Extensions>h;hh;hpp;hxx;h++;hm;inl;inc;ipp;xsd</Extensions>
    </Filter>
    <Filter Include="Resource Files">
      <UniqueIdentifier>{67DA6AB6-F800-4c08-8B7A-83BB121AAD01}</UniqueIdentifier>
      <Extensions>rc;ico;cur;bmp;dlg;rc2;rct;bin;rgs;gif;jpg;jpeg;jpe;resx;tiff;tif;png;wav;mfcribbon-ms</Extensions>
    </Filter>
    <Filter Include="UI">
      <UniqueIdentifier>{ba632b6c-1399-434c-a96d-a4546c27702a}</UniqueIdentifier>
    </Filter>
    <Filter Include="Core">
      <UniqueIdentifier>{f0f9f92a-29ec-4602-b989-64202a351830}</UniqueIdentifier>
    </Filter>
    <Filter Include="Utils">
      <UniqueIdentifier>{fc05b07e-28cc-4f79-ba41-8deb885e640d}</UniqueIdentifier>
    </Filter>
    <Filter Include="UI\StartForm">
      <UniqueIdentifier>{68348bba-33a2-43ac-87e5-a48e6f26f45e}</UniqueIdentifier>
    </Filter>
    <Filter Include="UI\GameForm">
      <UniqueIdentifier>{dac897b1-0238-41d0-a613-c113a72daf33}</UniqueIdentifier>
    </Filter>
    <Filter Include="UI\CreatePlayerForm">
      <UniqueIdentifier>{70d83d83-470a-416c-93d8-02b673225a28}</UniqueIdentifier>
    </Filter>
    <Filter Include="UI\FinishForm">
      <UniqueIdentifier>{6495a2fb-e105-41c7-9e39-35b433e25efd}</UniqueIdentifier>
    </Filter>
    <Filter Include="UI\ResultForm">
      <UniqueIdentifier>{7907d430-b9cd-4cc4-9a6e-b6acd821aa4d}</UniqueIdentifier>
    </Filter>
    <Filter Include="Core\Player">
      <UniqueIdentifier>{b3f834ae-86cc-4c9c-a5b8-0de320ac966a}</UniqueIdentifier>
    </Filter>
    <Filter Include="Utils\MarshalString">
      <UniqueIdentifier>{a3ddc49b-d715-4565-9b7f-5676b609ec70}</UniqueIdentifier>
    </Filter>
    <Filter Include="Utils\Database">
      <UniqueIdentifier>{e9585d28-daea-4e87-a44e-7405abf5d08d}</UniqueIdentifier>
    </Filter>
    <Filter Include="Utils\NumberHelper">
      <UniqueIdentifier>{171a98ba-671d-4994-9ada-e8becd042630}</UniqueIdentifier>
    </Filter>
    <Filter Include="Core\Puzzle">
      <UniqueIdentifier>{45197911-4c79-47f1-94c2-e7ed151d7648}</UniqueIdentifier>
    </Filter>
    <Filter Include="Core\GameHistory">
      <UniqueIdentifier>{0530c823-37dd-4948-9b7a-a53567905746}</UniqueIdentifier>
    </Filter>
    <Filter Include="Core\PuzzleBoards">
      <UniqueIdentifier>{695ea95f-7def-4e34-8c04-dfa34b1522bd}</UniqueIdentifier>
    </Filter>
    <Filter Include="Core\PuzzleBoards\BaseBoard">
      <UniqueIdentifier>{3b61e8a1-b963-471d-8e87-30d9b9c3e0e6}</UniqueIdentifier>
    </Filter>
    <Filter Include="Core\PuzzleBoards\BoardWithButtons">
      <UniqueIdentifier>{561f9bdd-94a5-4881-b4f8-1c9829126619}</UniqueIdentifier>
    </Filter>
    <Filter Include="Core\Puzzle\BasePuzzle">
      <UniqueIdentifier>{5c2ba624-9f8d-4778-bbed-cee8362bb075}</UniqueIdentifier>
    </Filter>
    <Filter Include="Core\Puzzle\NumberPuzzle">
      <UniqueIdentifier>{6c8b1233-a54c-47dc-a871-e481c618054d}</UniqueIdentifier>
    </Filter>
    <Filter Include="Core\Puzzle\ImagePuzzle">
      <UniqueIdentifier>{316acadf-2d76-4baa-a72e-83f2622d2d2e}</UniqueIdentifier>
    </Filter>
  </ItemGroup>
  <ItemGroup>
    <ResourceCompile Include="app.rc">
      <Filter>Resource Files</Filter>
    </ResourceCompile>
  </ItemGroup>
  <ItemGroup>
    <ClInclude Include="Resource.h">
      <Filter>Header Files</Filter>
    </ClInclude>
    <ClInclude Include="pch.h">
      <Filter>Header Files</Filter>
    </ClInclude>
    <ClInclude Include="StartForm.h">
      <Filter>UI\StartForm</Filter>
    </ClInclude>
    <ClInclude Include="CreatePlayerForm.h">
      <Filter>UI\CreatePlayerForm</Filter>
    </ClInclude>
    <ClInclude Include="GameForm.h">
      <Filter>UI\GameForm</Filter>
    </ClInclude>
    <ClInclude Include="FinishForm.h">
      <Filter>UI\FinishForm</Filter>
    </ClInclude>
    <ClInclude Include="ResultForm.h">
      <Filter>UI\ResultForm</Filter>
    </ClInclude>
    <ClInclude Include="Player.h">
      <Filter>Core\Player</Filter>
    </ClInclude>
    <ClInclude Include="MarshalStringUtils.h">
      <Filter>Utils\MarshalString</Filter>
    </ClInclude>
    <ClInclude Include="TextDatabase.h">
      <Filter>Utils\Database</Filter>
    </ClInclude>
    <ClInclude Include="NumberHelper.h">
      <Filter>Utils\NumberHelper</Filter>
    </ClInclude>
    <ClInclude Include="BaseBoard.h">
      <Filter>Core\PuzzleBoards\BaseBoard</Filter>
    </ClInclude>
    <ClInclude Include="BoardWithButtons.h">
      <Filter>Core\PuzzleBoards\BoardWithButtons</Filter>
    </ClInclude>
    <ClInclude Include="BasePuzzle.h">
      <Filter>Core\Puzzle\BasePuzzle</Filter>
    </ClInclude>
    <ClInclude Include="NumberPuzzle.h">
      <Filter>Core\Puzzle\NumberPuzzle</Filter>
    </ClInclude>
  </ItemGroup>
  <ItemGroup>
    <ClCompile Include="PuzzleSolverProject.cpp">
      <Filter>Source Files</Filter>
    </ClCompile>
    <ClCompile Include="AssemblyInfo.cpp">
      <Filter>Source Files</Filter>
    </ClCompile>
    <ClCompile Include="pch.cpp">
      <Filter>Source Files</Filter>
    </ClCompile>
    <ClCompile Include="StartForm.cpp">
      <Filter>UI\StartForm</Filter>
    </ClCompile>
    <ClCompile Include="CreatePlayerForm.cpp">
      <Filter>UI\CreatePlayerForm</Filter>
    </ClCompile>
    <ClCompile Include="GameForm.cpp">
      <Filter>UI\GameForm</Filter>
    </ClCompile>
    <ClCompile Include="FinishForm.cpp">
      <Filter>UI\FinishForm</Filter>
    </ClCompile>
    <ClCompile Include="ResultForm.cpp">
      <Filter>UI\ResultForm</Filter>
    </ClCompile>
    <ClCompile Include="Player.cpp">
      <Filter>Core\Player</Filter>
    </ClCompile>
    <ClCompile Include="MarshalStringUtils.cpp">
      <Filter>Utils\MarshalString</Filter>
    </ClCompile>
    <ClCompile Include="TextDatabase.cpp">
      <Filter>Utils\Database</Filter>
    </ClCompile>
    <ClCompile Include="NumberHelper.cpp">
      <Filter>Utils\NumberHelper</Filter>
    </ClCompile>
    <ClCompile Include="BoardWithButtons.cpp">
      <Filter>Core\PuzzleBoards\BoardWithButtons</Filter>
    </ClCompile>
    <ClCompile Include="NumberPuzzle.cpp">
      <Filter>Core\Puzzle\NumberPuzzle</Filter>
    </ClCompile>
  </ItemGroup>
  <ItemGroup>
    <Image Include="app.ico">
      <Filter>Resource Files</Filter>
    </Image>
  </ItemGroup>
</Project>